
Microsoft Visual Studio Solution File, Format Version 12.00
# Visual Studio Version 17
VisualStudioVersion = 17.9.34622.214
MinimumVisualStudioVersion = 10.0.40219.1
Project("{FAE04EC0-301F-11D3-BF4B-00C04F79EFBC}") = "desafio4", "desafio4\desafio4.csproj", "{94AFD02D-444A-4B4E-9524-B3DB580FA89F}"
EndProject
Global
	GlobalSection(SolutionConfigurationPlatforms) = preSolution
		Debug|Any CPU = Debug|Any CPU
		Release|Any CPU = Release|Any CPU
	EndGlobalSection
	GlobalSection(ProjectConfigurationPlatforms) = postSolution
		{94AFD02D-444A-4B4E-9524-B3DB580FA89F}.Debug|Any CPU.ActiveCfg = Debug|Any CPU
		{94AFD02D-444A-4B4E-9524-B3DB580FA89F}.Debug|Any CPU.Build.0 = Debug|Any CPU
		{94AFD02D-444A-4B4E-9524-B3DB580FA89F}.Release|Any CPU.ActiveCfg = Release|Any CPU
		{94AFD02D-444A-4B4E-9524-B3DB580FA89F}.Release|Any CPU.Build.0 = Release|Any CPU
	EndGlobalSection
	GlobalSection(SolutionProperties) = preSolution
		HideSolutionNode = FALSE
	EndGlobalSection
	GlobalSection(ExtensibilityGlobals) = postSolution
		SolutionGuid = {3D337F8E-6016-471F-A5AA-D81C9874093A}
	EndGlobalSection
EndGlobal
